// !$*UTF8*$!
{
	archiveVersion = 1;
	classes = {
	};
	objectVersion = 56;
	objects = {

/* Begin PBXBuildFile section */
		99E3FEA0C5D9F40CBAD11D89 /* MusicEngine.swift in Sources */ = {isa = PBXBuildFile; fileRef = C7727BE1FC23C530F89285A0 /* MusicEngine.swift */; };
		1EC554D3DB03ECD15D28661F /* Synth.swift in Sources */ = {isa = PBXBuildFile; fileRef = 6F0FEF5A7CF0A521D40A245D /* Synth.swift */; };
		2C21DC0740F74F72A9EEEC2C /* HomeworkEntry.swift in Sources */ = {isa = PBXBuildFile; fileRef = 4ED5D73B26E2A0C415FF8F1B /* HomeworkEntry.swift */; };
		2E98FD2C8CABDF007A5A5C7A /* PlannerData.swift in Sources */ = {isa = PBXBuildFile; fileRef = B31163F3852CC9B4363CBC57 /* PlannerData.swift */; };
		B555E8AB2AB0669D1DB6E6B2 /* SchoolCalendar.swift in Sources */ = {isa = PBXBuildFile; fileRef = 0B9B7179E547AC8B75DBEEA2 /* SchoolCalendar.swift */; };
		61FAFAE0958435C1EB9ECD77 /* Subject.swift in Sources */ = {isa = PBXBuildFile; fileRef = 45EA063CF274B9881CC56891 /* Subject.swift */; };
		6B0BB84204E3974CD4594CCE /* Timetable.swift in Sources */ = {isa = PBXBuildFile; fileRef = B82B0689D22E973220785AB4 /* Timetable.swift */; };
		7FB7179835EE0BB6D831AE7E /* Weekday.swift in Sources */ = {isa = PBXBuildFile; fileRef = E3B4D5A4174C81D915B3BA10 /* Weekday.swift */; };
		D92BB9333CC4FDD3EF784726 /* SchulplanerApp.swift in Sources */ = {isa = PBXBuildFile; fileRef = 27A82172A78FAE378F6E5E43 /* SchulplanerApp.swift */; };
		63858CC488C260A36A10A854 /* PlannerStore.swift in Sources */ = {isa = PBXBuildFile; fileRef = 9BCB8182A9744070B231E629 /* PlannerStore.swift */; };
		8FF25F47918F4C73D799C87A /* BookView.swift in Sources */ = {isa = PBXBuildFile; fileRef = C96455A85A4FF62D3628C3A0 /* BookView.swift */; };
		55C17BA3211E94588E1A370A /* HomeworkEditorView.swift in Sources */ = {isa = PBXBuildFile; fileRef = BE6259AA13AB56C591F6B346 /* HomeworkEditorView.swift */; };
		7C4924520F62B7E86A897F1C /* HomeworkPageView.swift in Sources */ = {isa = PBXBuildFile; fileRef = B1104D1E6E3F22EF5A2A6218 /* HomeworkPageView.swift */; };
		700F4FF3F6E87E3D8657D02C /* MusicControl.swift in Sources */ = {isa = PBXBuildFile; fileRef = BF5A759EE0A03C9CD99E0782 /* MusicControl.swift */; };
		06CC214A9F7181F924E78499 /* PageCurlPager.swift in Sources */ = {isa = PBXBuildFile; fileRef = 44A5458D780FFF3FB3F0E97C /* PageCurlPager.swift */; };
		ADB1FD5BCEAC586C620F2F55 /* RuledPaper.swift in Sources */ = {isa = PBXBuildFile; fileRef = CFAC65AF4E0CB8D3D778FE47 /* RuledPaper.swift */; };
		D43D3A473D08154C043CB8CC /* StartView.swift in Sources */ = {isa = PBXBuildFile; fileRef = 0E7590E93E71A94E9DFDBED5 /* StartView.swift */; };
		DFB639BC386860DF3D129F20 /* SubjectPickerView.swift in Sources */ = {isa = PBXBuildFile; fileRef = 7B20A14ACB758AD069BDA1B8 /* SubjectPickerView.swift */; };
		DAA7836B57E3B651D66CFFA8 /* SubjectsManagerView.swift in Sources */ = {isa = PBXBuildFile; fileRef = 73334184319A487036B87566 /* SubjectsManagerView.swift */; };
		C068A7A2A9287A0D02145726 /* Theme.swift in Sources */ = {isa = PBXBuildFile; fileRef = F9BB25A6A5939CE5845E8F7E /* Theme.swift */; };
		0B746A6E6C896B46E4693F83 /* TimetableView.swift in Sources */ = {isa = PBXBuildFile; fileRef = E52B69296B9B8CA3D47F885E /* TimetableView.swift */; };
		7D1DBA83F5517888388F38D2 /* Assets.xcassets in Resources */ = {isa = PBXBuildFile; fileRef = F4520D96AC0EDB42E750BB2B /* Assets.xcassets */; };
/* End PBXBuildFile section */

/* Begin PBXFileReference section */
		F5BF48AA40CAD7891EB709FC /* Schulplaner.app */ = {isa = PBXFileReference; explicitFileType = wrapper.application; includeInIndex = 0; path = Schulplaner.app; sourceTree = BUILT_PRODUCTS_DIR; };
		C7727BE1FC23C530F89285A0 /* MusicEngine.swift */ = {isa = PBXFileReference; lastKnownFileType = sourcecode.swift; path = MusicEngine.swift; sourceTree = "<group>"; };
		6F0FEF5A7CF0A521D40A245D /* Synth.swift */ = {isa = PBXFileReference; lastKnownFileType = sourcecode.swift; path = Synth.swift; sourceTree = "<group>"; };
		4ED5D73B26E2A0C415FF8F1B /* HomeworkEntry.swift */ = {isa = PBXFileReference; lastKnownFileType = sourcecode.swift; path = HomeworkEntry.swift; sourceTree = "<group>"; };
		B31163F3852CC9B4363CBC57 /* PlannerData.swift */ = {isa = PBXFileReference; lastKnownFileType = sourcecode.swift; path = PlannerData.swift; sourceTree = "<group>"; };
		0B9B7179E547AC8B75DBEEA2 /* SchoolCalendar.swift */ = {isa = PBXFileReference; lastKnownFileType = sourcecode.swift; path = SchoolCalendar.swift; sourceTree = "<group>"; };
		45EA063CF274B9881CC56891 /* Subject.swift */ = {isa = PBXFileReference; lastKnownFileType = sourcecode.swift; path = Subject.swift; sourceTree = "<group>"; };
		B82B0689D22E973220785AB4 /* Timetable.swift */ = {isa = PBXFileReference; lastKnownFileType = sourcecode.swift; path = Timetable.swift; sourceTree = "<group>"; };
		E3B4D5A4174C81D915B3BA10 /* Weekday.swift */ = {isa = PBXFileReference; lastKnownFileType = sourcecode.swift; path = Weekday.swift; sourceTree = "<group>"; };
		27A82172A78FAE378F6E5E43 /* SchulplanerApp.swift */ = {isa = PBXFileReference; lastKnownFileType = sourcecode.swift; path = SchulplanerApp.swift; sourceTree = "<group>"; };
		9BCB8182A9744070B231E629 /* PlannerStore.swift */ = {isa = PBXFileReference; lastKnownFileType = sourcecode.swift; path = PlannerStore.swift; sourceTree = "<group>"; };
		C96455A85A4FF62D3628C3A0 /* BookView.swift */ = {isa = PBXFileReference; lastKnownFileType = sourcecode.swift; path = BookView.swift; sourceTree = "<group>"; };
		BE6259AA13AB56C591F6B346 /* HomeworkEditorView.swift */ = {isa = PBXFileReference; lastKnownFileType = sourcecode.swift; path = HomeworkEditorView.swift; sourceTree = "<group>"; };
		B1104D1E6E3F22EF5A2A6218 /* HomeworkPageView.swift */ = {isa = PBXFileReference; lastKnownFileType = sourcecode.swift; path = HomeworkPageView.swift; sourceTree = "<group>"; };
		BF5A759EE0A03C9CD99E0782 /* MusicControl.swift */ = {isa = PBXFileReference; lastKnownFileType = sourcecode.swift; path = MusicControl.swift; sourceTree = "<group>"; };
		44A5458D780FFF3FB3F0E97C /* PageCurlPager.swift */ = {isa = PBXFileReference; lastKnownFileType = sourcecode.swift; path = PageCurlPager.swift; sourceTree = "<group>"; };
		CFAC65AF4E0CB8D3D778FE47 /* RuledPaper.swift */ = {isa = PBXFileReference; lastKnownFileType = sourcecode.swift; path = RuledPaper.swift; sourceTree = "<group>"; };
		0E7590E93E71A94E9DFDBED5 /* StartView.swift */ = {isa = PBXFileReference; lastKnownFileType = sourcecode.swift; path = StartView.swift; sourceTree = "<group>"; };
		7B20A14ACB758AD069BDA1B8 /* SubjectPickerView.swift */ = {isa = PBXFileReference; lastKnownFileType = sourcecode.swift; path = SubjectPickerView.swift; sourceTree = "<group>"; };
		73334184319A487036B87566 /* SubjectsManagerView.swift */ = {isa = PBXFileReference; lastKnownFileType = sourcecode.swift; path = SubjectsManagerView.swift; sourceTree = "<group>"; };
		F9BB25A6A5939CE5845E8F7E /* Theme.swift */ = {isa = PBXFileReference; lastKnownFileType = sourcecode.swift; path = Theme.swift; sourceTree = "<group>"; };
		E52B69296B9B8CA3D47F885E /* TimetableView.swift */ = {isa = PBXFileReference; lastKnownFileType = sourcecode.swift; path = TimetableView.swift; sourceTree = "<group>"; };
		F4520D96AC0EDB42E750BB2B /* Assets.xcassets */ = {isa = PBXFileReference; lastKnownFileType = folder.assetcatalog; path = Assets.xcassets; sourceTree = "<group>"; };
/* End PBXFileReference section */

/* Begin PBXFrameworksBuildPhase section */
		424153ED3CD079DB4DB459AF /* Frameworks */ = {
			isa = PBXFrameworksBuildPhase;
			buildActionMask = 2147483647;
			files = (
			);
			runOnlyForDeploymentPostprocessing = 0;
		};
/* End PBXFrameworksBuildPhase section */

/* Begin PBXGroup section */
		B9340614599AB78F485950C7 = {
			isa = PBXGroup;
			children = (
				82CF2A43A7100F086D7FCFDD /* Schulplaner */,
				547D009064F7C3F13BEF3460 /* Products */,
			);
			sourceTree = "<group>";
		};
		547D009064F7C3F13BEF3460 /* Products */ = {
			isa = PBXGroup;
			children = (
				F5BF48AA40CAD7891EB709FC /* Schulplaner.app */,
			);
			name = Products;
			sourceTree = "<group>";
		};
		82CF2A43A7100F086D7FCFDD /* Schulplaner */ = {
			isa = PBXGroup;
			children = (
				E45F76C2D80FAD483876517A /* Audio */,
				13CB9448904D13D14C47BDD4 /* Model */,
				84CF25C76D64DAA0B536E4A0 /* Store */,
				38DF21AEF4612506D6BE5CBE /* Views */,
				27A82172A78FAE378F6E5E43 /* SchulplanerApp.swift */,
				F4520D96AC0EDB42E750BB2B /* Assets.xcassets */,
			);
			path = Schulplaner;
			sourceTree = "<group>";
		};
		E45F76C2D80FAD483876517A /* Audio */ = {
			isa = PBXGroup;
			children = (
				C7727BE1FC23C530F89285A0 /* MusicEngine.swift */,
				6F0FEF5A7CF0A521D40A245D /* Synth.swift */,
			);
			path = Audio;
			sourceTree = "<group>";
		};
		13CB9448904D13D14C47BDD4 /* Model */ = {
			isa = PBXGroup;
			children = (
				4ED5D73B26E2A0C415FF8F1B /* HomeworkEntry.swift */,
				B31163F3852CC9B4363CBC57 /* PlannerData.swift */,
				0B9B7179E547AC8B75DBEEA2 /* SchoolCalendar.swift */,
				45EA063CF274B9881CC56891 /* Subject.swift */,
				B82B0689D22E973220785AB4 /* Timetable.swift */,
				E3B4D5A4174C81D915B3BA10 /* Weekday.swift */,
			);
			path = Model;
			sourceTree = "<group>";
		};
		84CF25C76D64DAA0B536E4A0 /* Store */ = {
			isa = PBXGroup;
			children = (
				9BCB8182A9744070B231E629 /* PlannerStore.swift */,
			);
			path = Store;
			sourceTree = "<group>";
		};
		38DF21AEF4612506D6BE5CBE /* Views */ = {
			isa = PBXGroup;
			children = (
				C96455A85A4FF62D3628C3A0 /* BookView.swift */,
				BE6259AA13AB56C591F6B346 /* HomeworkEditorView.swift */,
				B1104D1E6E3F22EF5A2A6218 /* HomeworkPageView.swift */,
				BF5A759EE0A03C9CD99E0782 /* MusicControl.swift */,
				44A5458D780FFF3FB3F0E97C /* PageCurlPager.swift */,
				CFAC65AF4E0CB8D3D778FE47 /* RuledPaper.swift */,
				0E7590E93E71A94E9DFDBED5 /* StartView.swift */,
				7B20A14ACB758AD069BDA1B8 /* SubjectPickerView.swift */,
				73334184319A487036B87566 /* SubjectsManagerView.swift */,
				F9BB25A6A5939CE5845E8F7E /* Theme.swift */,
				E52B69296B9B8CA3D47F885E /* TimetableView.swift */,
			);
			path = Views;
			sourceTree = "<group>";
		};
/* End PBXGroup section */

/* Begin PBXNativeTarget section */
		42AEFBAE01D2DFD981F7DA7D /* Schulplaner */ = {
			isa = PBXNativeTarget;
			buildConfigurationList = 29558535A58E48B54399819B /* Build configuration list for PBXNativeTarget "Schulplaner" */;
			buildPhases = (
				7A70D71C385290AF96BF1031 /* Sources */,
				424153ED3CD079DB4DB459AF /* Frameworks */,
				285BB1C1430063331E9F5DD0 /* Resources */,
			);
			buildRules = (
			);
			dependencies = (
			);
			name = Schulplaner;
			productName = Schulplaner;
			productReference = F5BF48AA40CAD7891EB709FC /* Schulplaner.app */;
			productType = "com.apple.product-type.application";
		};
/* End PBXNativeTarget section */

/* Begin PBXProject section */
		46F86FAA6BBF9AC94A7E4595 /* Project object */ = {
			isa = PBXProject;
			attributes = {
				BuildIndependentTargetsInParallel = 1;
				LastSwiftUpdateCheck = 1520;
				LastUpgradeCheck = 1520;
				TargetAttributes = {
					42AEFBAE01D2DFD981F7DA7D = {
						CreatedOnToolsVersion = 15.2;
					};
				};
			};
			buildConfigurationList = F72CF5329F6CB55C2A8467D4 /* Build configuration list for PBXProject "Schulplaner" */;
			compatibilityVersion = "Xcode 14.0";
			developmentRegion = de;
			hasScannedForEncodings = 0;
			knownRegions = (
				de,
				Base,
			);
			mainGroup = B9340614599AB78F485950C7;
			productRefGroup = 547D009064F7C3F13BEF3460 /* Products */;
			projectDirPath = "";
			projectRoot = "";
			targets = (
				42AEFBAE01D2DFD981F7DA7D /* Schulplaner */,
			);
		};
/* End PBXProject section */

/* Begin PBXResourcesBuildPhase section */
		285BB1C1430063331E9F5DD0 /* Resources */ = {
			isa = PBXResourcesBuildPhase;
			buildActionMask = 2147483647;
			files = (
				7D1DBA83F5517888388F38D2 /* Assets.xcassets in Resources */,
			);
			runOnlyForDeploymentPostprocessing = 0;
		};
/* End PBXResourcesBuildPhase section */

/* Begin PBXSourcesBuildPhase section */
		7A70D71C385290AF96BF1031 /* Sources */ = {
			isa = PBXSourcesBuildPhase;
			buildActionMask = 2147483647;
			files = (
				99E3FEA0C5D9F40CBAD11D89 /* MusicEngine.swift in Sources */,
				1EC554D3DB03ECD15D28661F /* Synth.swift in Sources */,
				2C21DC0740F74F72A9EEEC2C /* HomeworkEntry.swift in Sources */,
				2E98FD2C8CABDF007A5A5C7A /* PlannerData.swift in Sources */,
				B555E8AB2AB0669D1DB6E6B2 /* SchoolCalendar.swift in Sources */,
				61FAFAE0958435C1EB9ECD77 /* Subject.swift in Sources */,
				6B0BB84204E3974CD4594CCE /* Timetable.swift in Sources */,
				7FB7179835EE0BB6D831AE7E /* Weekday.swift in Sources */,
				D92BB9333CC4FDD3EF784726 /* SchulplanerApp.swift in Sources */,
				63858CC488C260A36A10A854 /* PlannerStore.swift in Sources */,
				8FF25F47918F4C73D799C87A /* BookView.swift in Sources */,
				55C17BA3211E94588E1A370A /* HomeworkEditorView.swift in Sources */,
				7C4924520F62B7E86A897F1C /* HomeworkPageView.swift in Sources */,
				700F4FF3F6E87E3D8657D02C /* MusicControl.swift in Sources */,
				06CC214A9F7181F924E78499 /* PageCurlPager.swift in Sources */,
				ADB1FD5BCEAC586C620F2F55 /* RuledPaper.swift in Sources */,
				D43D3A473D08154C043CB8CC /* StartView.swift in Sources */,
				DFB639BC386860DF3D129F20 /* SubjectPickerView.swift in Sources */,
				DAA7836B57E3B651D66CFFA8 /* SubjectsManagerView.swift in Sources */,
				C068A7A2A9287A0D02145726 /* Theme.swift in Sources */,
				0B746A6E6C896B46E4693F83 /* TimetableView.swift in Sources */,
			);
			runOnlyForDeploymentPostprocessing = 0;
		};
/* End PBXSourcesBuildPhase section */

/* Begin XCBuildConfiguration section */
		57E19B19EEEA83CFB13F673F /* Debug */ = {
			isa = XCBuildConfiguration;
			buildSettings = {
				ALWAYS_SEARCH_USER_PATHS = NO;
				ASSETCATALOG_COMPILER_GENERATE_SWIFT_ASSET_SYMBOL_EXTENSIONS = YES;
				CLANG_ANALYZER_NONNULL = YES;
				CLANG_ANALYZER_NUMBER_OBJECT_CONVERSION = YES_AGGRESSIVE;
				CLANG_ENABLE_MODULES = YES;
				CLANG_ENABLE_OBJC_ARC = YES;
				CLANG_ENABLE_OBJC_WEAK = YES;
				CLANG_WARN_BLOCK_CAPTURE_AUTORELEASING = YES;
				CLANG_WARN_BOOL_CONVERSION = YES;
				CLANG_WARN_COMMA = YES;
				CLANG_WARN_CONSTANT_CONVERSION = YES;
				CLANG_WARN_DEPRECATED_OBJC_IMPLEMENTATIONS = YES;
				CLANG_WARN_DIRECT_OBJC_ISA_USAGE = YES_ERROR;
				CLANG_WARN_DOCUMENTATION_COMMENTS = YES;
				CLANG_WARN_EMPTY_BODY = YES;
				CLANG_WARN_ENUM_CONVERSION = YES;
				CLANG_WARN_INFINITE_RECURSION = YES;
				CLANG_WARN_INT_CONVERSION = YES;
				CLANG_WARN_NON_LITERAL_NULL_CONVERSION = YES;
				CLANG_WARN_OBJC_LITERAL_CONVERSION = YES;
				CLANG_WARN_OBJC_ROOT_CLASS = YES_ERROR;
				CLANG_WARN_RANGE_LOOP_ANALYSIS = YES;
				CLANG_WARN_STRICT_PROTOTYPES = YES;
				CLANG_WARN_SUSPICIOUS_MOVE = YES;
				CLANG_WARN_UNGUARDED_AVAILABILITY = YES_AGGRESSIVE;
				CLANG_WARN_UNREACHABLE_CODE = YES;
				CLANG_WARN__DUPLICATE_METHOD_MATCH = YES;
				COPY_PHASE_STRIP = NO;
				ENABLE_STRICT_OBJC_MSGSEND = YES;
				ENABLE_USER_SCRIPT_SANDBOXING = YES;
				GCC_C_LANGUAGE_STANDARD = gnu17;
				GCC_NO_COMMON_BLOCKS = YES;
				GCC_WARN_64_TO_32_BIT_CONVERSION = YES;
				GCC_WARN_ABOUT_RETURN_TYPE = YES_ERROR;
				GCC_WARN_UNDECLARED_SELECTOR = YES;
				GCC_WARN_UNINITIALIZED_AUTOS = YES_AGGRESSIVE;
				GCC_WARN_UNUSED_FUNCTION = YES;
				GCC_WARN_UNUSED_VARIABLE = YES;
				IPHONEOS_DEPLOYMENT_TARGET = 16.0;
				LOCALIZATION_PREFERS_STRING_CATALOGS = YES;
				MTL_FAST_MATH = YES;
				SDKROOT = iphoneos;
				SWIFT_EMIT_LOC_STRINGS = YES;
				DEBUG_INFORMATION_FORMAT = dwarf;
				ENABLE_TESTABILITY = YES;
				GCC_DYNAMIC_NO_PIC = NO;
				GCC_OPTIMIZATION_LEVEL = 0;
				GCC_PREPROCESSOR_DEFINITIONS = (
					"DEBUG=1",
					"$(inherited)",
				);
				MTL_ENABLE_DEBUG_INFO = INCLUDE_SOURCE;
				ONLY_ACTIVE_ARCH = YES;
				SWIFT_ACTIVE_COMPILATION_CONDITIONS = "DEBUG $(inherited)";
				SWIFT_OPTIMIZATION_LEVEL = "-Onone";
			};
			name = Debug;
		};
		BE31AA576CFED093E452F98B /* Release */ = {
			isa = XCBuildConfiguration;
			buildSettings = {
				ALWAYS_SEARCH_USER_PATHS = NO;
				ASSETCATALOG_COMPILER_GENERATE_SWIFT_ASSET_SYMBOL_EXTENSIONS = YES;
				CLANG_ANALYZER_NONNULL = YES;
				CLANG_ANALYZER_NUMBER_OBJECT_CONVERSION = YES_AGGRESSIVE;
				CLANG_ENABLE_MODULES = YES;
				CLANG_ENABLE_OBJC_ARC = YES;
				CLANG_ENABLE_OBJC_WEAK = YES;
				CLANG_WARN_BLOCK_CAPTURE_AUTORELEASING = YES;
				CLANG_WARN_BOOL_CONVERSION = YES;
				CLANG_WARN_COMMA = YES;
				CLANG_WARN_CONSTANT_CONVERSION = YES;
				CLANG_WARN_DEPRECATED_OBJC_IMPLEMENTATIONS = YES;
				CLANG_WARN_DIRECT_OBJC_ISA_USAGE = YES_ERROR;
				CLANG_WARN_DOCUMENTATION_COMMENTS = YES;
				CLANG_WARN_EMPTY_BODY = YES;
				CLANG_WARN_ENUM_CONVERSION = YES;
				CLANG_WARN_INFINITE_RECURSION = YES;
				CLANG_WARN_INT_CONVERSION = YES;
				CLANG_WARN_NON_LITERAL_NULL_CONVERSION = YES;
				CLANG_WARN_OBJC_LITERAL_CONVERSION = YES;
				CLANG_WARN_OBJC_ROOT_CLASS = YES_ERROR;
				CLANG_WARN_RANGE_LOOP_ANALYSIS = YES;
				CLANG_WARN_STRICT_PROTOTYPES = YES;
				CLANG_WARN_SUSPICIOUS_MOVE = YES;
				CLANG_WARN_UNGUARDED_AVAILABILITY = YES_AGGRESSIVE;
				CLANG_WARN_UNREACHABLE_CODE = YES;
				CLANG_WARN__DUPLICATE_METHOD_MATCH = YES;
				COPY_PHASE_STRIP = NO;
				ENABLE_STRICT_OBJC_MSGSEND = YES;
				ENABLE_USER_SCRIPT_SANDBOXING = YES;
				GCC_C_LANGUAGE_STANDARD = gnu17;
				GCC_NO_COMMON_BLOCKS = YES;
				GCC_WARN_64_TO_32_BIT_CONVERSION = YES;
				GCC_WARN_ABOUT_RETURN_TYPE = YES_ERROR;
				GCC_WARN_UNDECLARED_SELECTOR = YES;
				GCC_WARN_UNINITIALIZED_AUTOS = YES_AGGRESSIVE;
				GCC_WARN_UNUSED_FUNCTION = YES;
				GCC_WARN_UNUSED_VARIABLE = YES;
				IPHONEOS_DEPLOYMENT_TARGET = 16.0;
				LOCALIZATION_PREFERS_STRING_CATALOGS = YES;
				MTL_FAST_MATH = YES;
				SDKROOT = iphoneos;
				SWIFT_EMIT_LOC_STRINGS = YES;
				DEBUG_INFORMATION_FORMAT = "dwarf-with-dsym";
				ENABLE_NS_ASSERTIONS = NO;
				MTL_ENABLE_DEBUG_INFO = NO;
				SWIFT_COMPILATION_MODE = wholemodule;
				VALIDATE_PRODUCT = YES;
			};
			name = Release;
		};
		383912679E83657842C58C5B /* Debug */ = {
			isa = XCBuildConfiguration;
			buildSettings = {
				ASSETCATALOG_COMPILER_APPICON_NAME = AppIcon;
				ASSETCATALOG_COMPILER_GLOBAL_ACCENT_COLOR_NAME = AccentColor;
				CODE_SIGN_STYLE = Automatic;
				CURRENT_PROJECT_VERSION = 1;
				ENABLE_PREVIEWS = YES;
				GENERATE_INFOPLIST_FILE = YES;
				INFOPLIST_KEY_CFBundleDisplayName = Schulplaner;
				INFOPLIST_KEY_UIApplicationSceneManifest_Generation = YES;
				INFOPLIST_KEY_UIApplicationSupportsIndirectInputEvents = YES;
				INFOPLIST_KEY_UILaunchScreen_Generation = YES;
				INFOPLIST_KEY_UIRequiresFullScreen = NO;
				INFOPLIST_KEY_UIStatusBarStyle = UIStatusBarStyleDefault;
				INFOPLIST_KEY_UISupportedInterfaceOrientations_iPad = "UIInterfaceOrientationPortrait UIInterfaceOrientationPortraitUpsideDown UIInterfaceOrientationLandscapeLeft UIInterfaceOrientationLandscapeRight";
				INFOPLIST_KEY_UISupportedInterfaceOrientations_iPhone = "UIInterfaceOrientationPortrait UIInterfaceOrientationLandscapeLeft UIInterfaceOrientationLandscapeRight";
				LD_RUNPATH_SEARCH_PATHS = (
					"$(inherited)",
					"@executable_path/Frameworks",
				);
				MARKETING_VERSION = 1.0;
				PRODUCT_BUNDLE_IDENTIFIER = com.beispiel.schulplaner;
				PRODUCT_NAME = "$(TARGET_NAME)";
				SWIFT_VERSION = 5.0;
				TARGETED_DEVICE_FAMILY = "1,2";
			};
			name = Debug;
		};
		5159A5710BECE7B6DFD7505B /* Release */ = {
			isa = XCBuildConfiguration;
			buildSettings = {
				ASSETCATALOG_COMPILER_APPICON_NAME = AppIcon;
				ASSETCATALOG_COMPILER_GLOBAL_ACCENT_COLOR_NAME = AccentColor;
				CODE_SIGN_STYLE = Automatic;
				CURRENT_PROJECT_VERSION = 1;
				ENABLE_PREVIEWS = YES;
				GENERATE_INFOPLIST_FILE = YES;
				INFOPLIST_KEY_CFBundleDisplayName = Schulplaner;
				INFOPLIST_KEY_UIApplicationSceneManifest_Generation = YES;
				INFOPLIST_KEY_UIApplicationSupportsIndirectInputEvents = YES;
				INFOPLIST_KEY_UILaunchScreen_Generation = YES;
				INFOPLIST_KEY_UIRequiresFullScreen = NO;
				INFOPLIST_KEY_UIStatusBarStyle = UIStatusBarStyleDefault;
				INFOPLIST_KEY_UISupportedInterfaceOrientations_iPad = "UIInterfaceOrientationPortrait UIInterfaceOrientationPortraitUpsideDown UIInterfaceOrientationLandscapeLeft UIInterfaceOrientationLandscapeRight";
				INFOPLIST_KEY_UISupportedInterfaceOrientations_iPhone = "UIInterfaceOrientationPortrait UIInterfaceOrientationLandscapeLeft UIInterfaceOrientationLandscapeRight";
				LD_RUNPATH_SEARCH_PATHS = (
					"$(inherited)",
					"@executable_path/Frameworks",
				);
				MARKETING_VERSION = 1.0;
				PRODUCT_BUNDLE_IDENTIFIER = com.beispiel.schulplaner;
				PRODUCT_NAME = "$(TARGET_NAME)";
				SWIFT_VERSION = 5.0;
				TARGETED_DEVICE_FAMILY = "1,2";
			};
			name = Release;
		};
/* End XCBuildConfiguration section */

/* Begin XCConfigurationList section */
		F72CF5329F6CB55C2A8467D4 /* Build configuration list for PBXProject "Schulplaner" */ = {
			isa = XCConfigurationList;
			buildConfigurations = (
				57E19B19EEEA83CFB13F673F /* Debug */,
				BE31AA576CFED093E452F98B /* Release */,
			);
			defaultConfigurationIsVisible = 0;
			defaultConfigurationName = Release;
		};
		29558535A58E48B54399819B /* Build configuration list for PBXNativeTarget "Schulplaner" */ = {
			isa = XCConfigurationList;
			buildConfigurations = (
				383912679E83657842C58C5B /* Debug */,
				5159A5710BECE7B6DFD7505B /* Release */,
			);
			defaultConfigurationIsVisible = 0;
			defaultConfigurationName = Release;
		};
/* End XCConfigurationList section */
	};
	rootObject = 46F86FAA6BBF9AC94A7E4595 /* Project object */;
}
